
Microsoft Visual Studio Solution File, Format Version 12.00
# Visual Studio Version 17
VisualStudioVersion = 17.0.31903.59
MinimumVisualStudioVersion = 10.0.40219.1
Project("{FAE04EC0-301F-11D3-BF4B-00C04F79EFBC}") = "lab6", "lab6\lab6.csproj", "{F4465BDB-B9E3-4C86-A19D-04E31149D38C}"
EndProject
Global
	GlobalSection(SolutionConfigurationPlatforms) = preSolution
		Debug|Any CPU = Debug|Any CPU
		Release|Any CPU = Release|Any CPU
	EndGlobalSection
	GlobalSection(ProjectConfigurationPlatforms) = postSolution
		{F4465BDB-B9E3-4C86-A19D-04E31149D38C}.Debug|Any CPU.ActiveCfg = Debug|Any CPU
		{F4465BDB-B9E3-4C86-A19D-04E31149D38C}.Debug|Any CPU.Build.0 = Debug|Any CPU
		{F4465BDB-B9E3-4C86-A19D-04E31149D38C}.Release|Any CPU.ActiveCfg = Release|Any CPU
		{F4465BDB-B9E3-4C86-A19D-04E31149D38C}.Release|Any CPU.Build.0 = Release|Any CPU
	EndGlobalSection
	GlobalSection(SolutionProperties) = preSolution
		HideSolutionNode = FALSE
	EndGlobalSection
	GlobalSection(ExtensibilityGlobals) = postSolution
		SolutionGuid = {1B75775E-8172-4C55-87AB-5912E2E20E29}
	EndGlobalSection
EndGlobal
